// !$*UTF8*$!
{
	archiveVersion = 1;
	classes = {
	};
	objectVersion = 46;
	objects = {

/* Begin PBXBuildFile section */
		A32BBD611D2528B400A7F3A2 /* CFNetwork.framework in Frameworks */ = {isa = PBXBuildFile; fileRef = A32BBD601D2528B400A7F3A2 /* CFNetwork.framework */; };
		A32BBD631D2528BC00A7F3A2 /* CoreFoundation.framework in Frameworks */ = {isa = PBXBuildFile; fileRef = A32BBD621D2528BC00A7F3A2 /* CoreFoundation.framework */; };
		A32BBD651D2528C300A7F3A2 /* CoreTelephony.framework in Frameworks */ = {isa = PBXBuildFile; fileRef = A32BBD641D2528C300A7F3A2 /* CoreTelephony.framework */; };
		A32BBD671D2528CA00A7F3A2 /* SystemConfiguration.framework in Frameworks */ = {isa = PBXBuildFile; fileRef = A32BBD661D2528CA00A7F3A2 /* SystemConfiguration.framework */; };
		A32BBD691D2528D200A7F3A2 /* CoreGraphics.framework in Frameworks */ = {isa = PBXBuildFile; fileRef = A32BBD681D2528D200A7F3A2 /* CoreGraphics.framework */; };
		A32BBD6B1D2528DA00A7F3A2 /* Foundation.framework in Frameworks */ = {isa = PBXBuildFile; fileRef = A32BBD6A1D2528DA00A7F3A2 /* Foundation.framework */; };
		A32BBD6D1D2528E100A7F3A2 /* UIKit.framework in Frameworks */ = {isa = PBXBuildFile; fileRef = A32BBD6C1D2528E100A7F3A2 /* UIKit.framework */; };
		A32BBD6F1D2528E700A7F3A2 /* Security.framework in Frameworks */ = {isa = PBXBuildFile; fileRef = A32BBD6E1D2528E700A7F3A2 /* Security.framework */; };
		A32BBD711D2528F500A7F3A2 /* libz.tbd in Frameworks */ = {isa = PBXBuildFile; fileRef = A32BBD701D2528F500A7F3A2 /* libz.tbd */; };
		A37E70981D6C38AC00BBC5A9 /* AppDelegate.m in Sources */ = {isa = PBXBuildFile; fileRef = A37E70921D6C38AC00BBC5A9 /* AppDelegate.m */; };
		A37E70991D6C38AC00BBC5A9 /* Info.plist in Resources */ = {isa = PBXBuildFile; fileRef = A37E70931D6C38AC00BBC5A9 /* Info.plist */; };
		A37E709A1D6C38AC00BBC5A9 /* main.m in Sources */ = {isa = PBXBuildFile; fileRef = A37E70941D6C38AC00BBC5A9 /* main.m */; };
		A37E709B1D6C38AC00BBC5A9 /* PushConfig.plist in Resources */ = {isa = PBXBuildFile; fileRef = A37E70951D6C38AC00BBC5A9 /* PushConfig.plist */; };
		A37E709C1D6C38AC00BBC5A9 /* ViewController.m in Sources */ = {isa = PBXBuildFile; fileRef = A37E70971D6C38AC00BBC5A9 /* ViewController.m */; };
		A37E70A01D6C38DB00BBC5A9 /* jpush-ios-2.1.8.a in Frameworks */ = {isa = PBXBuildFile; fileRef = A37E709E1D6C38DB00BBC5A9 /* jpush-ios-2.1.8.a */; };
		A37E70A61D6C38F100BBC5A9 /* LaunchScreen.storyboard in Resources */ = {isa = PBXBuildFile; fileRef = A37E70A21D6C38F100BBC5A9 /* LaunchScreen.storyboard */; };
		A37E70A71D6C38F100BBC5A9 /* Main.storyboard in Resources */ = {isa = PBXBuildFile; fileRef = A37E70A41D6C38F100BBC5A9 /* Main.storyboard */; };
/* End PBXBuildFile section */

/* Begin PBXFileReference section */
		A32BBD421D25280500A7F3A2 /* iOSJSPush.app */ = {isa = PBXFileReference; explicitFileType = wrapper.application; includeInIndex = 0; path = iOSJSPush.app; sourceTree = BUILT_PRODUCTS_DIR; };
		A32BBD601D2528B400A7F3A2 /* CFNetwork.framework */ = {isa = PBXFileReference; lastKnownFileType = wrapper.framework; name = CFNetwork.framework; path = System/Library/Frameworks/CFNetwork.framework; sourceTree = SDKROOT; };
		A32BBD621D2528BC00A7F3A2 /* CoreFoundation.framework */ = {isa = PBXFileReference; lastKnownFileType = wrapper.framework; name = CoreFoundation.framework; path = System/Library/Frameworks/CoreFoundation.framework; sourceTree = SDKROOT; };
		A32BBD641D2528C300A7F3A2 /* CoreTelephony.framework */ = {isa = PBXFileReference; lastKnownFileType = wrapper.framework; name = CoreTelephony.framework; path = System/Library/Frameworks/CoreTelephony.framework; sourceTree = SDKROOT; };
		A32BBD661D2528CA00A7F3A2 /* SystemConfiguration.framework */ = {isa = PBXFileReference; lastKnownFileType = wrapper.framework; name = SystemConfiguration.framework; path = System/Library/Frameworks/SystemConfiguration.framework; sourceTree = SDKROOT; };
		A32BBD681D2528D200A7F3A2 /* CoreGraphics.framework */ = {isa = PBXFileReference; lastKnownFileType = wrapper.framework; name = CoreGraphics.framework; path = System/Library/Frameworks/CoreGraphics.framework; sourceTree = SDKROOT; };
		A32BBD6A1D2528DA00A7F3A2 /* Foundation.framework */ = {isa = PBXFileReference; lastKnownFileType = wrapper.framework; name = Foundation.framework; path = System/Library/Frameworks/Foundation.framework; sourceTree = SDKROOT; };
		A32BBD6C1D2528E100A7F3A2 /* UIKit.framework */ = {isa = PBXFileReference; lastKnownFileType = wrapper.framework; name = UIKit.framework; path = System/Library/Frameworks/UIKit.framework; sourceTree = SDKROOT; };
		A32BBD6E1D2528E700A7F3A2 /* Security.framework */ = {isa = PBXFileReference; lastKnownFileType = wrapper.framework; name = Security.framework; path = System/Library/Frameworks/Security.framework; sourceTree = SDKROOT; };
		A32BBD701D2528F500A7F3A2 /* libz.tbd */ = {isa = PBXFileReference; lastKnownFileType = "sourcecode.text-based-dylib-definition"; name = libz.tbd; path = usr/lib/libz.tbd; sourceTree = SDKROOT; };
		A37E70911D6C38AC00BBC5A9 /* AppDelegate.h */ = {isa = PBXFileReference; fileEncoding = 4; lastKnownFileType = sourcecode.c.h; name = AppDelegate.h; path = iOSJSPush/AppDelegate.h; sourceTree = SOURCE_ROOT; };
		A37E70921D6C38AC00BBC5A9 /* AppDelegate.m */ = {isa = PBXFileReference; fileEncoding = 4; lastKnownFileType = sourcecode.c.objc; name = AppDelegate.m; path = iOSJSPush/AppDelegate.m; sourceTree = SOURCE_ROOT; };
		A37E70931D6C38AC00BBC5A9 /* Info.plist */ = {isa = PBXFileReference; fileEncoding = 4; lastKnownFileType = text.plist.xml; name = Info.plist; path = iOSJSPush/Info.plist; sourceTree = SOURCE_ROOT; };
		A37E70941D6C38AC00BBC5A9 /* main.m */ = {isa = PBXFileReference; fileEncoding = 4; lastKnownFileType = sourcecode.c.objc; name = main.m; path = iOSJSPush/main.m; sourceTree = SOURCE_ROOT; };
		A37E70951D6C38AC00BBC5A9 /* PushConfig.plist */ = {isa = PBXFileReference; fileEncoding = 4; lastKnownFileType = text.plist.xml; name = PushConfig.plist; path = iOSJSPush/PushConfig.plist; sourceTree = SOURCE_ROOT; };
		A37E70961D6C38AC00BBC5A9 /* ViewController.h */ = {isa = PBXFileReference; fileEncoding = 4; lastKnownFileType = sourcecode.c.h; name = ViewController.h; path = iOSJSPush/ViewController.h; sourceTree = SOURCE_ROOT; };
		A37E70971D6C38AC00BBC5A9 /* ViewController.m */ = {isa = PBXFileReference; fileEncoding = 4; lastKnownFileType = sourcecode.c.objc; name = ViewController.m; path = iOSJSPush/ViewController.m; sourceTree = SOURCE_ROOT; };
		A37E709E1D6C38DB00BBC5A9 /* jpush-ios-2.1.8.a */ = {isa = PBXFileReference; lastKnownFileType = archive.ar; path = "jpush-ios-2.1.8.a"; sourceTree = "<group>"; };
		A37E709F1D6C38DB00BBC5A9 /* JPUSHService.h */ = {isa = PBXFileReference; fileEncoding = 4; lastKnownFileType = sourcecode.c.h; path = JPUSHService.h; sourceTree = "<group>"; };
		A37E70A31D6C38F100BBC5A9 /* Base */ = {isa = PBXFileReference; lastKnownFileType = file.storyboard; name = Base; path = LaunchScreen.storyboard; sourceTree = "<group>"; };
		A37E70A51D6C38F100BBC5A9 /* Base */ = {isa = PBXFileReference; lastKnownFileType = file.storyboard; name = Base; path = Main.storyboard; sourceTree = "<group>"; };
/* End PBXFileReference section */

/* Begin PBXFrameworksBuildPhase section */
		A32BBD3F1D25280500A7F3A2 /* Frameworks */ = {
			isa = PBXFrameworksBuildPhase;
			buildActionMask = 2147483647;
			files = (
				A32BBD711D2528F500A7F3A2 /* libz.tbd in Frameworks */,
				A32BBD6F1D2528E700A7F3A2 /* Security.framework in Frameworks */,
				A32BBD6D1D2528E100A7F3A2 /* UIKit.framework in Frameworks */,
				A32BBD6B1D2528DA00A7F3A2 /* Foundation.framework in Frameworks */,
				A32BBD691D2528D200A7F3A2 /* CoreGraphics.framework in Frameworks */,
				A32BBD671D2528CA00A7F3A2 /* SystemConfiguration.framework in Frameworks */,
				A32BBD651D2528C300A7F3A2 /* CoreTelephony.framework in Frameworks */,
				A32BBD631D2528BC00A7F3A2 /* CoreFoundation.framework in Frameworks */,
				A32BBD611D2528B400A7F3A2 /* CFNetwork.framework in Frameworks */,
				A37E70A01D6C38DB00BBC5A9 /* jpush-ios-2.1.8.a in Frameworks */,
			);
			runOnlyForDeploymentPostprocessing = 0;
		};
/* End PBXFrameworksBuildPhase section */

/* Begin PBXGroup section */
		A32BBD391D25280500A7F3A2 = {
			isa = PBXGroup;
			children = (
				A32BBD441D25280500A7F3A2 /* BWFJSPush */,
				A32BBD431D25280500A7F3A2 /* Products */,
			);
			sourceTree = "<group>";
		};
		A32BBD431D25280500A7F3A2 /* Products */ = {
			isa = PBXGroup;
			children = (
				A32BBD421D25280500A7F3A2 /* iOSJSPush.app */,
			);
			name = Products;
			sourceTree = "<group>";
		};
		A32BBD441D25280500A7F3A2 /* BWFJSPush */ = {
			isa = PBXGroup;
			children = (
				A37E70911D6C38AC00BBC5A9 /* AppDelegate.h */,
				A37E70921D6C38AC00BBC5A9 /* AppDelegate.m */,
				A37E70961D6C38AC00BBC5A9 /* ViewController.h */,
				A37E70971D6C38AC00BBC5A9 /* ViewController.m */,
				A37E709D1D6C38DB00BBC5A9 /* lib */,
				A32BBD721D2528FD00A7F3A2 /* Framework */,
				A37E70A11D6C38F100BBC5A9 /* Base.lproj */,
				A37E70931D6C38AC00BBC5A9 /* Info.plist */,
				A37E70951D6C38AC00BBC5A9 /* PushConfig.plist */,
				A32BBD451D25280500A7F3A2 /* Supporting Files */,
			);
			path = BWFJSPush;
			sourceTree = "<group>";
		};
		A32BBD451D25280500A7F3A2 /* Supporting Files */ = {
			isa = PBXGroup;
			children = (
				A37E70941D6C38AC00BBC5A9 /* main.m */,
			);
			name = "Supporting Files";
			sourceTree = "<group>";
		};
		A32BBD721D2528FD00A7F3A2 /* Framework */ = {
			isa = PBXGroup;
			children = (
				A32BBD701D2528F500A7F3A2 /* libz.tbd */,
				A32BBD6E1D2528E700A7F3A2 /* Security.framework */,
				A32BBD6C1D2528E100A7F3A2 /* UIKit.framework */,
				A32BBD6A1D2528DA00A7F3A2 /* Foundation.framework */,
				A32BBD681D2528D200A7F3A2 /* CoreGraphics.framework */,
				A32BBD661D2528CA00A7F3A2 /* SystemConfiguration.framework */,
				A32BBD641D2528C300A7F3A2 /* CoreTelephony.framework */,
				A32BBD621D2528BC00A7F3A2 /* CoreFoundation.framework */,
				A32BBD601D2528B400A7F3A2 /* CFNetwork.framework */,
			);
			name = Framework;
			path = ..;
			sourceTree = "<group>";
		};
		A37E709D1D6C38DB00BBC5A9 /* lib */ = {
			isa = PBXGroup;
			children = (
				A37E709E1D6C38DB00BBC5A9 /* jpush-ios-2.1.8.a */,
				A37E709F1D6C38DB00BBC5A9 /* JPUSHService.h */,
			);
			name = lib;
			path = iOSJSPush/lib;
			sourceTree = SOURCE_ROOT;
		};
		A37E70A11D6C38F100BBC5A9 /* Base.lproj */ = {
			isa = PBXGroup;
			children = (
				A37E70A21D6C38F100BBC5A9 /* LaunchScreen.storyboard */,
				A37E70A41D6C38F100BBC5A9 /* Main.storyboard */,
			);
			name = Base.lproj;
			path = iOSJSPush/Base.lproj;
			sourceTree = SOURCE_ROOT;
		};
/* End PBXGroup section */

/* Begin PBXNativeTarget section */
		A32BBD411D25280500A7F3A2 /* iOSJSPush */ = {
			isa = PBXNativeTarget;
			buildConfigurationList = A32BBD591D25280500A7F3A2 /* Build configuration list for PBXNativeTarget "iOSJSPush" */;
			buildPhases = (
				A32BBD3E1D25280500A7F3A2 /* Sources */,
				A32BBD3F1D25280500A7F3A2 /* Frameworks */,
				A32BBD401D25280500A7F3A2 /* Resources */,
			);
			buildRules = (
			);
			dependencies = (
			);
			name = iOSJSPush;
			productName = BWFJSPush;
			productReference = A32BBD421D25280500A7F3A2 /* iOSJSPush.app */;
			productType = "com.apple.product-type.application";
		};
/* End PBXNativeTarget section */

/* Begin PBXProject section */
		A32BBD3A1D25280500A7F3A2 /* Project object */ = {
			isa = PBXProject;
			attributes = {
				LastUpgradeCheck = 0730;
				ORGANIZATIONNAME = BWF;
				TargetAttributes = {
					A32BBD411D25280500A7F3A2 = {
						CreatedOnToolsVersion = 7.3.1;
						DevelopmentTeam = RL326HLZ7S;
					};
				};
			};
			buildConfigurationList = A32BBD3D1D25280500A7F3A2 /* Build configuration list for PBXProject "iOSJSPush" */;
			compatibilityVersion = "Xcode 3.2";
			developmentRegion = English;
			hasScannedForEncodings = 0;
			knownRegions = (
				en,
				Base,
			);
			mainGroup = A32BBD391D25280500A7F3A2;
			productRefGroup = A32BBD431D25280500A7F3A2 /* Products */;
			projectDirPath = "";
			projectRoot = "";
			targets = (
				A32BBD411D25280500A7F3A2 /* iOSJSPush */,
			);
		};
/* End PBXProject section */

/* Begin PBXResourcesBuildPhase section */
		A32BBD401D25280500A7F3A2 /* Resources */ = {
			isa = PBXResourcesBuildPhase;
			buildActionMask = 2147483647;
			files = (
				A37E70A71D6C38F100BBC5A9 /* Main.storyboard in Resources */,
				A37E70991D6C38AC00BBC5A9 /* Info.plist in Resources */,
				A37E70A61D6C38F100BBC5A9 /* LaunchScreen.storyboard in Resources */,
				A37E709B1D6C38AC00BBC5A9 /* PushConfig.plist in Resources */,
			);
			runOnlyForDeploymentPostprocessing = 0;
		};
/* End PBXResourcesBuildPhase section */

/* Begin PBXSourcesBuildPhase section */
		A32BBD3E1D25280500A7F3A2 /* Sources */ = {
			isa = PBXSourcesBuildPhase;
			buildActionMask = 2147483647;
			files = (
				A37E709C1D6C38AC00BBC5A9 /* ViewController.m in Sources */,
				A37E709A1D6C38AC00BBC5A9 /* main.m in Sources */,
				A37E70981D6C38AC00BBC5A9 /* AppDelegate.m in Sources */,
			);
			runOnlyForDeploymentPostprocessing = 0;
		};
/* End PBXSourcesBuildPhase section */

/* Begin PBXVariantGroup section */
		A37E70A21D6C38F100BBC5A9 /* LaunchScreen.storyboard */ = {
			isa = PBXVariantGroup;
			children = (
				A37E70A31D6C38F100BBC5A9 /* Base */,
			);
			name = LaunchScreen.storyboard;
			sourceTree = "<group>";
		};
		A37E70A41D6C38F100BBC5A9 /* Main.storyboard */ = {
			isa = PBXVariantGroup;
			children = (
				A37E70A51D6C38F100BBC5A9 /* Base */,
			);
			name = Main.storyboard;
			sourceTree = "<group>";
		};
/* End PBXVariantGroup section */

/* Begin XCBuildConfiguration section */
		A32BBD571D25280500A7F3A2 /* Debug */ = {
			isa = XCBuildConfiguration;
			buildSettings = {
				ALWAYS_SEARCH_USER_PATHS = NO;
				CLANG_ANALYZER_NONNULL = YES;
				CLANG_CXX_LANGUAGE_STANDARD = "gnu++0x";
				CLANG_CXX_LIBRARY = "libc++";
				CLANG_ENABLE_MODULES = YES;
				CLANG_ENABLE_OBJC_ARC = YES;
				CLANG_WARN_BOOL_CONVERSION = YES;
				CLANG_WARN_CONSTANT_CONVERSION = YES;
				CLANG_WARN_DIRECT_OBJC_ISA_USAGE = YES_ERROR;
				CLANG_WARN_EMPTY_BODY = YES;
				CLANG_WARN_ENUM_CONVERSION = YES;
				CLANG_WARN_INT_CONVERSION = YES;
				CLANG_WARN_OBJC_ROOT_CLASS = YES_ERROR;
				CLANG_WARN_UNREACHABLE_CODE = YES;
				CLANG_WARN__DUPLICATE_METHOD_MATCH = YES;
				"CODE_SIGN_IDENTITY[sdk=iphoneos*]" = "iPhone Developer";
				COPY_PHASE_STRIP = NO;
				DEBUG_INFORMATION_FORMAT = dwarf;
				ENABLE_STRICT_OBJC_MSGSEND = YES;
				ENABLE_TESTABILITY = YES;
				GCC_C_LANGUAGE_STANDARD = gnu99;
				GCC_DYNAMIC_NO_PIC = NO;
				GCC_NO_COMMON_BLOCKS = YES;
				GCC_OPTIMIZATION_LEVEL = 0;
				GCC_PREPROCESSOR_DEFINITIONS = (
					"DEBUG=1",
					"$(inherited)",
				);
				GCC_WARN_64_TO_32_BIT_CONVERSION = YES;
				GCC_WARN_ABOUT_RETURN_TYPE = YES_ERROR;
				GCC_WARN_UNDECLARED_SELECTOR = YES;
				GCC_WARN_UNINITIALIZED_AUTOS = YES_AGGRESSIVE;
				GCC_WARN_UNUSED_FUNCTION = YES;
				GCC_WARN_UNUSED_VARIABLE = YES;
				IPHONEOS_DEPLOYMENT_TARGET = 9.3;
				MTL_ENABLE_DEBUG_INFO = YES;
				ONLY_ACTIVE_ARCH = YES;
				SDKROOT = iphoneos;
			};
			name = Debug;
		};
		A32BBD581D25280500A7F3A2 /* Release */ = {
			isa = XCBuildConfiguration;
			buildSettings = {
				ALWAYS_SEARCH_USER_PATHS = NO;
				CLANG_ANALYZER_NONNULL = YES;
				CLANG_CXX_LANGUAGE_STANDARD = "gnu++0x";
				CLANG_CXX_LIBRARY = "libc++";
				CLANG_ENABLE_MODULES = YES;
				CLANG_ENABLE_OBJC_ARC = YES;
				CLANG_WARN_BOOL_CONVERSION = YES;
				CLANG_WARN_CONSTANT_CONVERSION = YES;
				CLANG_WARN_DIRECT_OBJC_ISA_USAGE = YES_ERROR;
				CLANG_WARN_EMPTY_BODY = YES;
				CLANG_WARN_ENUM_CONVERSION = YES;
				CLANG_WARN_INT_CONVERSION = YES;
				CLANG_WARN_OBJC_ROOT_CLASS = YES_ERROR;
				CLANG_WARN_UNREACHABLE_CODE = YES;
				CLANG_WARN__DUPLICATE_METHOD_MATCH = YES;
				"CODE_SIGN_IDENTITY[sdk=iphoneos*]" = "iPhone Developer";
				COPY_PHASE_STRIP = NO;
				DEBUG_INFORMATION_FORMAT = "dwarf-with-dsym";
				ENABLE_NS_ASSERTIONS = NO;
				ENABLE_STRICT_OBJC_MSGSEND = YES;
				GCC_C_LANGUAGE_STANDARD = gnu99;
				GCC_NO_COMMON_BLOCKS = YES;
				GCC_WARN_64_TO_32_BIT_CONVERSION = YES;
				GCC_WARN_ABOUT_RETURN_TYPE = YES_ERROR;
				GCC_WARN_UNDECLARED_SELECTOR = YES;
				GCC_WARN_UNINITIALIZED_AUTOS = YES_AGGRESSIVE;
				GCC_WARN_UNUSED_FUNCTION = YES;
				GCC_WARN_UNUSED_VARIABLE = YES;
				IPHONEOS_DEPLOYMENT_TARGET = 9.3;
				MTL_ENABLE_DEBUG_INFO = NO;
				SDKROOT = iphoneos;
				VALIDATE_PRODUCT = YES;
			};
			name = Release;
		};
		A32BBD5A1D25280500A7F3A2 /* Debug */ = {
			isa = XCBuildConfiguration;
			buildSettings = {
				ASSETCATALOG_COMPILER_APPICON_NAME = AppIcon;
				CODE_SIGN_IDENTITY = "iPhone Developer";
				FRAMEWORK_SEARCH_PATHS = (
					"$(inherited)",
					"$(PROJECT_DIR)/lib",
				);
				INFOPLIST_FILE = iOSJSPush/Info.plist;
				LD_RUNPATH_SEARCH_PATHS = "$(inherited) @executable_path/Frameworks";
				LIBRARY_SEARCH_PATHS = (
					"$(inherited)",
					"$(PROJECT_DIR)/iOSJSPush/iOSJSPush/lib",
				);
				PRODUCT_BUNDLE_IDENTIFIER = com.bwfch.hwpush;
				PRODUCT_NAME = iOSJSPush;
			};
			name = Debug;
		};
		A32BBD5B1D25280500A7F3A2 /* Release */ = {
			isa = XCBuildConfiguration;
			buildSettings = {
				ASSETCATALOG_COMPILER_APPICON_NAME = AppIcon;
				CODE_SIGN_IDENTITY = "iPhone Developer";
				FRAMEWORK_SEARCH_PATHS = (
					"$(inherited)",
					"$(PROJECT_DIR)/lib",
				);
				INFOPLIST_FILE = iOSJSPush/Info.plist;
				LD_RUNPATH_SEARCH_PATHS = "$(inherited) @executable_path/Frameworks";
				LIBRARY_SEARCH_PATHS = (
					"$(inherited)",
					"$(PROJECT_DIR)/iOSJSPush/iOSJSPush/lib",
				);
				PRODUCT_BUNDLE_IDENTIFIER = com.bwfch.hwpush;
				PRODUCT_NAME = iOSJSPush;
			};
			name = Release;
		};
/* End XCBuildConfiguration section */

/* Begin XCConfigurationList section */
		A32BBD3D1D25280500A7F3A2 /* Build configuration list for PBXProject "iOSJSPush" */ = {
			isa = XCConfigurationList;
			buildConfigurations = (
				A32BBD571D25280500A7F3A2 /* Debug */,
				A32BBD581D25280500A7F3A2 /* Release */,
			);
			defaultConfigurationIsVisible = 0;
			defaultConfigurationName = Release;
		};
		A32BBD591D25280500A7F3A2 /* Build configuration list for PBXNativeTarget "iOSJSPush" */ = {
			isa = XCConfigurationList;
			buildConfigurations = (
				A32BBD5A1D25280500A7F3A2 /* Debug */,
				A32BBD5B1D25280500A7F3A2 /* Release */,
			);
			defaultConfigurationIsVisible = 0;
			defaultConfigurationName = Release;
		};
/* End XCConfigurationList section */
	};
	rootObject = A32BBD3A1D25280500A7F3A2 /* Project object */;
}
