// !$*UTF8*$!
{
	archiveVersion = 1;
	classes = {
	};
	objectVersion = 46;
	objects = {

/* Begin PBXBuildFile section */
		A33F94FB1D52D211008E8586 /* main.m in Sources */ = {isa = PBXBuildFile; fileRef = A33F94FA1D52D211008E8586 /* main.m */; };
		A33F94FE1D52D211008E8586 /* AppDelegate.m in Sources */ = {isa = PBXBuildFile; fileRef = A33F94FD1D52D211008E8586 /* AppDelegate.m */; };
		A33F95011D52D211008E8586 /* ViewController.m in Sources */ = {isa = PBXBuildFile; fileRef = A33F95001D52D211008E8586 /* ViewController.m */; };
		A33F95041D52D211008E8586 /* Main.storyboard in Resources */ = {isa = PBXBuildFile; fileRef = A33F95021D52D211008E8586 /* Main.storyboard */; };
		A33F95061D52D211008E8586 /* Assets.xcassets in Resources */ = {isa = PBXBuildFile; fileRef = A33F95051D52D211008E8586 /* Assets.xcassets */; };
		A33F95091D52D211008E8586 /* LaunchScreen.storyboard in Resources */ = {isa = PBXBuildFile; fileRef = A33F95071D52D211008E8586 /* LaunchScreen.storyboard */; };
		A33F95121D52D23B008E8586 /* Model.m in Sources */ = {isa = PBXBuildFile; fileRef = A33F95111D52D23B008E8586 /* Model.m */; };
		A33F95181D52E542008E8586 /* NSObject+Model.m in Sources */ = {isa = PBXBuildFile; fileRef = A33F95171D52E542008E8586 /* NSObject+Model.m */; };
/* End PBXBuildFile section */

/* Begin PBXFileReference section */
		A33F94F61D52D211008E8586 /* RuntimeDemo.app */ = {isa = PBXFileReference; explicitFileType = wrapper.application; includeInIndex = 0; path = RuntimeDemo.app; sourceTree = BUILT_PRODUCTS_DIR; };
		A33F94FA1D52D211008E8586 /* main.m */ = {isa = PBXFileReference; lastKnownFileType = sourcecode.c.objc; path = main.m; sourceTree = "<group>"; };
		A33F94FC1D52D211008E8586 /* AppDelegate.h */ = {isa = PBXFileReference; lastKnownFileType = sourcecode.c.h; path = AppDelegate.h; sourceTree = "<group>"; };
		A33F94FD1D52D211008E8586 /* AppDelegate.m */ = {isa = PBXFileReference; lastKnownFileType = sourcecode.c.objc; path = AppDelegate.m; sourceTree = "<group>"; };
		A33F94FF1D52D211008E8586 /* ViewController.h */ = {isa = PBXFileReference; lastKnownFileType = sourcecode.c.h; path = ViewController.h; sourceTree = "<group>"; };
		A33F95001D52D211008E8586 /* ViewController.m */ = {isa = PBXFileReference; lastKnownFileType = sourcecode.c.objc; path = ViewController.m; sourceTree = "<group>"; };
		A33F95031D52D211008E8586 /* Base */ = {isa = PBXFileReference; lastKnownFileType = file.storyboard; name = Base; path = Base.lproj/Main.storyboard; sourceTree = "<group>"; };
		A33F95051D52D211008E8586 /* Assets.xcassets */ = {isa = PBXFileReference; lastKnownFileType = folder.assetcatalog; path = Assets.xcassets; sourceTree = "<group>"; };
		A33F95081D52D211008E8586 /* Base */ = {isa = PBXFileReference; lastKnownFileType = file.storyboard; name = Base; path = Base.lproj/LaunchScreen.storyboard; sourceTree = "<group>"; };
		A33F950A1D52D211008E8586 /* Info.plist */ = {isa = PBXFileReference; lastKnownFileType = text.plist.xml; path = Info.plist; sourceTree = "<group>"; };
		A33F95101D52D23B008E8586 /* Model.h */ = {isa = PBXFileReference; fileEncoding = 4; lastKnownFileType = sourcecode.c.h; path = Model.h; sourceTree = "<group>"; };
		A33F95111D52D23B008E8586 /* Model.m */ = {isa = PBXFileReference; fileEncoding = 4; lastKnownFileType = sourcecode.c.objc; path = Model.m; sourceTree = "<group>"; };
		A33F95161D52E542008E8586 /* NSObject+Model.h */ = {isa = PBXFileReference; fileEncoding = 4; lastKnownFileType = sourcecode.c.h; path = "NSObject+Model.h"; sourceTree = "<group>"; };
		A33F95171D52E542008E8586 /* NSObject+Model.m */ = {isa = PBXFileReference; fileEncoding = 4; lastKnownFileType = sourcecode.c.objc; path = "NSObject+Model.m"; sourceTree = "<group>"; };
/* End PBXFileReference section */

/* Begin PBXFrameworksBuildPhase section */
		A33F94F31D52D211008E8586 /* Frameworks */ = {
			isa = PBXFrameworksBuildPhase;
			buildActionMask = 2147483647;
			files = (
			);
			runOnlyForDeploymentPostprocessing = 0;
		};
/* End PBXFrameworksBuildPhase section */

/* Begin PBXGroup section */
		A33F94ED1D52D211008E8586 = {
			isa = PBXGroup;
			children = (
				A33F94F81D52D211008E8586 /* RuntimeDemo */,
				A33F94F71D52D211008E8586 /* Products */,
			);
			sourceTree = "<group>";
		};
		A33F94F71D52D211008E8586 /* Products */ = {
			isa = PBXGroup;
			children = (
				A33F94F61D52D211008E8586 /* RuntimeDemo.app */,
			);
			name = Products;
			sourceTree = "<group>";
		};
		A33F94F81D52D211008E8586 /* RuntimeDemo */ = {
			isa = PBXGroup;
			children = (
				A33F94FC1D52D211008E8586 /* AppDelegate.h */,
				A33F94FD1D52D211008E8586 /* AppDelegate.m */,
				A33F94FF1D52D211008E8586 /* ViewController.h */,
				A33F95001D52D211008E8586 /* ViewController.m */,
				A33F95101D52D23B008E8586 /* Model.h */,
				A33F95111D52D23B008E8586 /* Model.m */,
				A33F95161D52E542008E8586 /* NSObject+Model.h */,
				A33F95171D52E542008E8586 /* NSObject+Model.m */,
				A33F95021D52D211008E8586 /* Main.storyboard */,
				A33F95051D52D211008E8586 /* Assets.xcassets */,
				A33F95071D52D211008E8586 /* LaunchScreen.storyboard */,
				A33F950A1D52D211008E8586 /* Info.plist */,
				A33F94F91D52D211008E8586 /* Supporting Files */,
			);
			path = RuntimeDemo;
			sourceTree = "<group>";
		};
		A33F94F91D52D211008E8586 /* Supporting Files */ = {
			isa = PBXGroup;
			children = (
				A33F94FA1D52D211008E8586 /* main.m */,
			);
			name = "Supporting Files";
			sourceTree = "<group>";
		};
/* End PBXGroup section */

/* Begin PBXNativeTarget section */
		A33F94F51D52D211008E8586 /* RuntimeDemo */ = {
			isa = PBXNativeTarget;
			buildConfigurationList = A33F950D1D52D211008E8586 /* Build configuration list for PBXNativeTarget "RuntimeDemo" */;
			buildPhases = (
				A33F94F21D52D211008E8586 /* Sources */,
				A33F94F31D52D211008E8586 /* Frameworks */,
				A33F94F41D52D211008E8586 /* Resources */,
			);
			buildRules = (
			);
			dependencies = (
			);
			name = RuntimeDemo;
			productName = RuntimeDemo;
			productReference = A33F94F61D52D211008E8586 /* RuntimeDemo.app */;
			productType = "com.apple.product-type.application";
		};
/* End PBXNativeTarget section */

/* Begin PBXProject section */
		A33F94EE1D52D211008E8586 /* Project object */ = {
			isa = PBXProject;
			attributes = {
				LastUpgradeCheck = 0730;
				ORGANIZATIONNAME = HHW;
				TargetAttributes = {
					A33F94F51D52D211008E8586 = {
						CreatedOnToolsVersion = 7.3.1;
					};
				};
			};
			buildConfigurationList = A33F94F11D52D211008E8586 /* Build configuration list for PBXProject "RuntimeDemo" */;
			compatibilityVersion = "Xcode 3.2";
			developmentRegion = English;
			hasScannedForEncodings = 0;
			knownRegions = (
				en,
				Base,
			);
			mainGroup = A33F94ED1D52D211008E8586;
			productRefGroup = A33F94F71D52D211008E8586 /* Products */;
			projectDirPath = "";
			projectRoot = "";
			targets = (
				A33F94F51D52D211008E8586 /* RuntimeDemo */,
			);
		};
/* End PBXProject section */

/* Begin PBXResourcesBuildPhase section */
		A33F94F41D52D211008E8586 /* Resources */ = {
			isa = PBXResourcesBuildPhase;
			buildActionMask = 2147483647;
			files = (
				A33F95091D52D211008E8586 /* LaunchScreen.storyboard in Resources */,
				A33F95061D52D211008E8586 /* Assets.xcassets in Resources */,
				A33F95041D52D211008E8586 /* Main.storyboard in Resources */,
			);
			runOnlyForDeploymentPostprocessing = 0;
		};
/* End PBXResourcesBuildPhase section */

/* Begin PBXSourcesBuildPhase section */
		A33F94F21D52D211008E8586 /* Sources */ = {
			isa = PBXSourcesBuildPhase;
			buildActionMask = 2147483647;
			files = (
				A33F95011D52D211008E8586 /* ViewController.m in Sources */,
				A33F94FE1D52D211008E8586 /* AppDelegate.m in Sources */,
				A33F94FB1D52D211008E8586 /* main.m in Sources */,
				A33F95121D52D23B008E8586 /* Model.m in Sources */,
				A33F95181D52E542008E8586 /* NSObject+Model.m in Sources */,
			);
			runOnlyForDeploymentPostprocessing = 0;
		};
/* End PBXSourcesBuildPhase section */

/* Begin PBXVariantGroup section */
		A33F95021D52D211008E8586 /* Main.storyboard */ = {
			isa = PBXVariantGroup;
			children = (
				A33F95031D52D211008E8586 /* Base */,
			);
			name = Main.storyboard;
			sourceTree = "<group>";
		};
		A33F95071D52D211008E8586 /* LaunchScreen.storyboard */ = {
			isa = PBXVariantGroup;
			children = (
				A33F95081D52D211008E8586 /* Base */,
			);
			name = LaunchScreen.storyboard;
			sourceTree = "<group>";
		};
/* End PBXVariantGroup section */

/* Begin XCBuildConfiguration section */
		A33F950B1D52D211008E8586 /* Debug */ = {
			isa = XCBuildConfiguration;
			buildSettings = {
				ALWAYS_SEARCH_USER_PATHS = NO;
				CLANG_ANALYZER_NONNULL = YES;
				CLANG_CXX_LANGUAGE_STANDARD = "gnu++0x";
				CLANG_CXX_LIBRARY = "libc++";
				CLANG_ENABLE_MODULES = YES;
				CLANG_ENABLE_OBJC_ARC = YES;
				CLANG_WARN_BOOL_CONVERSION = YES;
				CLANG_WARN_CONSTANT_CONVERSION = YES;
				CLANG_WARN_DIRECT_OBJC_ISA_USAGE = YES_ERROR;
				CLANG_WARN_EMPTY_BODY = YES;
				CLANG_WARN_ENUM_CONVERSION = YES;
				CLANG_WARN_INT_CONVERSION = YES;
				CLANG_WARN_OBJC_ROOT_CLASS = YES_ERROR;
				CLANG_WARN_UNREACHABLE_CODE = YES;
				CLANG_WARN__DUPLICATE_METHOD_MATCH = YES;
				"CODE_SIGN_IDENTITY[sdk=iphoneos*]" = "iPhone Developer";
				COPY_PHASE_STRIP = NO;
				DEBUG_INFORMATION_FORMAT = dwarf;
				ENABLE_STRICT_OBJC_MSGSEND = YES;
				ENABLE_TESTABILITY = YES;
				GCC_C_LANGUAGE_STANDARD = gnu99;
				GCC_DYNAMIC_NO_PIC = NO;
				GCC_NO_COMMON_BLOCKS = YES;
				GCC_OPTIMIZATION_LEVEL = 0;
				GCC_PREPROCESSOR_DEFINITIONS = (
					"DEBUG=1",
					"$(inherited)",
				);
				GCC_WARN_64_TO_32_BIT_CONVERSION = YES;
				GCC_WARN_ABOUT_RETURN_TYPE = YES_ERROR;
				GCC_WARN_UNDECLARED_SELECTOR = YES;
				GCC_WARN_UNINITIALIZED_AUTOS = YES_AGGRESSIVE;
				GCC_WARN_UNUSED_FUNCTION = YES;
				GCC_WARN_UNUSED_VARIABLE = YES;
				IPHONEOS_DEPLOYMENT_TARGET = 9.3;
				MTL_ENABLE_DEBUG_INFO = YES;
				ONLY_ACTIVE_ARCH = YES;
				SDKROOT = iphoneos;
			};
			name = Debug;
		};
		A33F950C1D52D211008E8586 /* Release */ = {
			isa = XCBuildConfiguration;
			buildSettings = {
				ALWAYS_SEARCH_USER_PATHS = NO;
				CLANG_ANALYZER_NONNULL = YES;
				CLANG_CXX_LANGUAGE_STANDARD = "gnu++0x";
				CLANG_CXX_LIBRARY = "libc++";
				CLANG_ENABLE_MODULES = YES;
				CLANG_ENABLE_OBJC_ARC = YES;
				CLANG_WARN_BOOL_CONVERSION = YES;
				CLANG_WARN_CONSTANT_CONVERSION = YES;
				CLANG_WARN_DIRECT_OBJC_ISA_USAGE = YES_ERROR;
				CLANG_WARN_EMPTY_BODY = YES;
				CLANG_WARN_ENUM_CONVERSION = YES;
				CLANG_WARN_INT_CONVERSION = YES;
				CLANG_WARN_OBJC_ROOT_CLASS = YES_ERROR;
				CLANG_WARN_UNREACHABLE_CODE = YES;
				CLANG_WARN__DUPLICATE_METHOD_MATCH = YES;
				"CODE_SIGN_IDENTITY[sdk=iphoneos*]" = "iPhone Developer";
				COPY_PHASE_STRIP = NO;
				DEBUG_INFORMATION_FORMAT = "dwarf-with-dsym";
				ENABLE_NS_ASSERTIONS = NO;
				ENABLE_STRICT_OBJC_MSGSEND = YES;
				GCC_C_LANGUAGE_STANDARD = gnu99;
				GCC_NO_COMMON_BLOCKS = YES;
				GCC_WARN_64_TO_32_BIT_CONVERSION = YES;
				GCC_WARN_ABOUT_RETURN_TYPE = YES_ERROR;
				GCC_WARN_UNDECLARED_SELECTOR = YES;
				GCC_WARN_UNINITIALIZED_AUTOS = YES_AGGRESSIVE;
				GCC_WARN_UNUSED_FUNCTION = YES;
				GCC_WARN_UNUSED_VARIABLE = YES;
				IPHONEOS_DEPLOYMENT_TARGET = 9.3;
				MTL_ENABLE_DEBUG_INFO = NO;
				SDKROOT = iphoneos;
				VALIDATE_PRODUCT = YES;
			};
			name = Release;
		};
		A33F950E1D52D211008E8586 /* Debug */ = {
			isa = XCBuildConfiguration;
			buildSettings = {
				ASSETCATALOG_COMPILER_APPICON_NAME = AppIcon;
				INFOPLIST_FILE = RuntimeDemo/Info.plist;
				LD_RUNPATH_SEARCH_PATHS = "$(inherited) @executable_path/Frameworks";
				PRODUCT_BUNDLE_IDENTIFIER = BWF.RuntimeDemo;
				PRODUCT_NAME = "$(TARGET_NAME)";
			};
			name = Debug;
		};
		A33F950F1D52D211008E8586 /* Release */ = {
			isa = XCBuildConfiguration;
			buildSettings = {
				ASSETCATALOG_COMPILER_APPICON_NAME = AppIcon;
				INFOPLIST_FILE = RuntimeDemo/Info.plist;
				LD_RUNPATH_SEARCH_PATHS = "$(inherited) @executable_path/Frameworks";
				PRODUCT_BUNDLE_IDENTIFIER = BWF.RuntimeDemo;
				PRODUCT_NAME = "$(TARGET_NAME)";
			};
			name = Release;
		};
/* End XCBuildConfiguration section */

/* Begin XCConfigurationList section */
		A33F94F11D52D211008E8586 /* Build configuration list for PBXProject "RuntimeDemo" */ = {
			isa = XCConfigurationList;
			buildConfigurations = (
				A33F950B1D52D211008E8586 /* Debug */,
				A33F950C1D52D211008E8586 /* Release */,
			);
			defaultConfigurationIsVisible = 0;
			defaultConfigurationName = Release;
		};
		A33F950D1D52D211008E8586 /* Build configuration list for PBXNativeTarget "RuntimeDemo" */ = {
			isa = XCConfigurationList;
			buildConfigurations = (
				A33F950E1D52D211008E8586 /* Debug */,
				A33F950F1D52D211008E8586 /* Release */,
			);
			defaultConfigurationIsVisible = 0;
		};
/* End XCConfigurationList section */
	};
	rootObject = A33F94EE1D52D211008E8586 /* Project object */;
}
